// !$*UTF8*$!
{
	archiveVersion = 1;
	classes = {
	};
	objectVersion = 51;
	objects = {

/* Begin PBXBuildFile section */
		0E6B15F697D339D631CFC382 /* Pods_AFInterceptorDemo.framework in Frameworks */ = {isa = PBXBuildFile; fileRef = D8F671B9119FA7C9581128A3 /* Pods_AFInterceptorDemo.framework */; };
		76ADF1E222E2FF7E003AAF6C /* AppDelegate.swift in Sources */ = {isa = PBXBuildFile; fileRef = 76ADF1E122E2FF7E003AAF6C /* AppDelegate.swift */; };
		76ADF1E422E2FF7E003AAF6C /* ViewController.swift in Sources */ = {isa = PBXBuildFile; fileRef = 76ADF1E322E2FF7E003AAF6C /* ViewController.swift */; };
		76ADF1E722E2FF7E003AAF6C /* Main.storyboard in Resources */ = {isa = PBXBuildFile; fileRef = 76ADF1E522E2FF7E003AAF6C /* Main.storyboard */; };
		76ADF1E922E2FF80003AAF6C /* Assets.xcassets in Resources */ = {isa = PBXBuildFile; fileRef = 76ADF1E822E2FF80003AAF6C /* Assets.xcassets */; };
		76ADF1EC22E2FF80003AAF6C /* LaunchScreen.storyboard in Resources */ = {isa = PBXBuildFile; fileRef = 76ADF1EA22E2FF80003AAF6C /* LaunchScreen.storyboard */; };
		76ADF1F522E30048003AAF6C /* MyAPIManager.swift in Sources */ = {isa = PBXBuildFile; fileRef = 76ADF1F422E30048003AAF6C /* MyAPIManager.swift */; };
		76ADF1F722E3008B003AAF6C /* OAuthInterceptor.swift in Sources */ = {isa = PBXBuildFile; fileRef = 76ADF1F622E3008B003AAF6C /* OAuthInterceptor.swift */; };
/* End PBXBuildFile section */

/* Begin PBXFileReference section */
		68CC4C938551A09B808F0A29 /* Pods-AFInterceptorDemo.release.xcconfig */ = {isa = PBXFileReference; includeInIndex = 1; lastKnownFileType = text.xcconfig; name = "Pods-AFInterceptorDemo.release.xcconfig"; path = "Target Support Files/Pods-AFInterceptorDemo/Pods-AFInterceptorDemo.release.xcconfig"; sourceTree = "<group>"; };
		76ADF1DE22E2FF7E003AAF6C /* AFInterceptorDemo.app */ = {isa = PBXFileReference; explicitFileType = wrapper.application; includeInIndex = 0; path = AFInterceptorDemo.app; sourceTree = BUILT_PRODUCTS_DIR; };
		76ADF1E122E2FF7E003AAF6C /* AppDelegate.swift */ = {isa = PBXFileReference; lastKnownFileType = sourcecode.swift; path = AppDelegate.swift; sourceTree = "<group>"; };
		76ADF1E322E2FF7E003AAF6C /* ViewController.swift */ = {isa = PBXFileReference; lastKnownFileType = sourcecode.swift; path = ViewController.swift; sourceTree = "<group>"; };
		76ADF1E622E2FF7E003AAF6C /* Base */ = {isa = PBXFileReference; lastKnownFileType = file.storyboard; name = Base; path = Base.lproj/Main.storyboard; sourceTree = "<group>"; };
		76ADF1E822E2FF80003AAF6C /* Assets.xcassets */ = {isa = PBXFileReference; lastKnownFileType = folder.assetcatalog; path = Assets.xcassets; sourceTree = "<group>"; };
		76ADF1EB22E2FF80003AAF6C /* Base */ = {isa = PBXFileReference; lastKnownFileType = file.storyboard; name = Base; path = Base.lproj/LaunchScreen.storyboard; sourceTree = "<group>"; };
		76ADF1ED22E2FF80003AAF6C /* Info.plist */ = {isa = PBXFileReference; lastKnownFileType = text.plist.xml; path = Info.plist; sourceTree = "<group>"; };
		76ADF1F422E30048003AAF6C /* MyAPIManager.swift */ = {isa = PBXFileReference; lastKnownFileType = sourcecode.swift; path = MyAPIManager.swift; sourceTree = "<group>"; };
		76ADF1F622E3008B003AAF6C /* OAuthInterceptor.swift */ = {isa = PBXFileReference; lastKnownFileType = sourcecode.swift; path = OAuthInterceptor.swift; sourceTree = "<group>"; };
		973DA564BB65A05164F868C8 /* Pods-AFInterceptorDemo.debug.xcconfig */ = {isa = PBXFileReference; includeInIndex = 1; lastKnownFileType = text.xcconfig; name = "Pods-AFInterceptorDemo.debug.xcconfig"; path = "Target Support Files/Pods-AFInterceptorDemo/Pods-AFInterceptorDemo.debug.xcconfig"; sourceTree = "<group>"; };
		D8F671B9119FA7C9581128A3 /* Pods_AFInterceptorDemo.framework */ = {isa = PBXFileReference; explicitFileType = wrapper.framework; includeInIndex = 0; path = Pods_AFInterceptorDemo.framework; sourceTree = BUILT_PRODUCTS_DIR; };
/* End PBXFileReference section */

/* Begin PBXFrameworksBuildPhase section */
		76ADF1DB22E2FF7E003AAF6C /* Frameworks */ = {
			isa = PBXFrameworksBuildPhase;
			buildActionMask = 2147483647;
			files = (
				0E6B15F697D339D631CFC382 /* Pods_AFInterceptorDemo.framework in Frameworks */,
			);
			runOnlyForDeploymentPostprocessing = 0;
		};
/* End PBXFrameworksBuildPhase section */

/* Begin PBXGroup section */
		06154D42596E22C3FBB70809 /* Frameworks */ = {
			isa = PBXGroup;
			children = (
				D8F671B9119FA7C9581128A3 /* Pods_AFInterceptorDemo.framework */,
			);
			name = Frameworks;
			sourceTree = "<group>";
		};
		17E6347D1DFDC809B88546EC /* Pods */ = {
			isa = PBXGroup;
			children = (
				973DA564BB65A05164F868C8 /* Pods-AFInterceptorDemo.debug.xcconfig */,
				68CC4C938551A09B808F0A29 /* Pods-AFInterceptorDemo.release.xcconfig */,
			);
			path = Pods;
			sourceTree = "<group>";
		};
		76ADF1D522E2FF7E003AAF6C = {
			isa = PBXGroup;
			children = (
				76ADF1E022E2FF7E003AAF6C /* AFInterceptorDemo */,
				76ADF1DF22E2FF7E003AAF6C /* Products */,
				17E6347D1DFDC809B88546EC /* Pods */,
				06154D42596E22C3FBB70809 /* Frameworks */,
			);
			sourceTree = "<group>";
		};
		76ADF1DF22E2FF7E003AAF6C /* Products */ = {
			isa = PBXGroup;
			children = (
				76ADF1DE22E2FF7E003AAF6C /* AFInterceptorDemo.app */,
			);
			name = Products;
			sourceTree = "<group>";
		};
		76ADF1E022E2FF7E003AAF6C /* AFInterceptorDemo */ = {
			isa = PBXGroup;
			children = (
				76ADF1F322E3001B003AAF6C /* MyAPIManager */,
				76ADF1E122E2FF7E003AAF6C /* AppDelegate.swift */,
				76ADF1E322E2FF7E003AAF6C /* ViewController.swift */,
				76ADF1E522E2FF7E003AAF6C /* Main.storyboard */,
				76ADF1E822E2FF80003AAF6C /* Assets.xcassets */,
				76ADF1EA22E2FF80003AAF6C /* LaunchScreen.storyboard */,
				76ADF1ED22E2FF80003AAF6C /* Info.plist */,
			);
			path = AFInterceptorDemo;
			sourceTree = "<group>";
		};
		76ADF1F322E3001B003AAF6C /* MyAPIManager */ = {
			isa = PBXGroup;
			children = (
				76ADF1F422E30048003AAF6C /* MyAPIManager.swift */,
				76ADF1F622E3008B003AAF6C /* OAuthInterceptor.swift */,
			);
			path = MyAPIManager;
			sourceTree = "<group>";
		};
/* End PBXGroup section */

/* Begin PBXNativeTarget section */
		76ADF1DD22E2FF7E003AAF6C /* AFInterceptorDemo */ = {
			isa = PBXNativeTarget;
			buildConfigurationList = 76ADF1F022E2FF80003AAF6C /* Build configuration list for PBXNativeTarget "AFInterceptorDemo" */;
			buildPhases = (
				AF9B613CDE2113BD57BF2DEE /* [CP] Check Pods Manifest.lock */,
				76ADF1DA22E2FF7E003AAF6C /* Sources */,
				76ADF1DB22E2FF7E003AAF6C /* Frameworks */,
				76ADF1DC22E2FF7E003AAF6C /* Resources */,
				056206BAA06BCA25B4E91712 /* [CP] Embed Pods Frameworks */,
			);
			buildRules = (
			);
			dependencies = (
			);
			name = AFInterceptorDemo;
			productName = AFInterceptorDemo;
			productReference = 76ADF1DE22E2FF7E003AAF6C /* AFInterceptorDemo.app */;
			productType = "com.apple.product-type.application";
		};
/* End PBXNativeTarget section */

/* Begin PBXProject section */
		76ADF1D622E2FF7E003AAF6C /* Project object */ = {
			isa = PBXProject;
			attributes = {
				LastSwiftUpdateCheck = 1020;
				LastUpgradeCheck = 1020;
				ORGANIZATIONNAME = "Segartek Software";
				TargetAttributes = {
					76ADF1DD22E2FF7E003AAF6C = {
						CreatedOnToolsVersion = 10.2.1;
					};
				};
			};
			buildConfigurationList = 76ADF1D922E2FF7E003AAF6C /* Build configuration list for PBXProject "AFInterceptorDemo" */;
			compatibilityVersion = "Xcode 9.3";
			developmentRegion = en;
			hasScannedForEncodings = 0;
			knownRegions = (
				en,
				Base,
			);
			mainGroup = 76ADF1D522E2FF7E003AAF6C;
			productRefGroup = 76ADF1DF22E2FF7E003AAF6C /* Products */;
			projectDirPath = "";
			projectRoot = "";
			targets = (
				76ADF1DD22E2FF7E003AAF6C /* AFInterceptorDemo */,
			);
		};
/* End PBXProject section */

/* Begin PBXResourcesBuildPhase section */
		76ADF1DC22E2FF7E003AAF6C /* Resources */ = {
			isa = PBXResourcesBuildPhase;
			buildActionMask = 2147483647;
			files = (
				76ADF1EC22E2FF80003AAF6C /* LaunchScreen.storyboard in Resources */,
				76ADF1E922E2FF80003AAF6C /* Assets.xcassets in Resources */,
				76ADF1E722E2FF7E003AAF6C /* Main.storyboard in Resources */,
			);
			runOnlyForDeploymentPostprocessing = 0;
		};
/* End PBXResourcesBuildPhase section */

/* Begin PBXShellScriptBuildPhase section */
		056206BAA06BCA25B4E91712 /* [CP] Embed Pods Frameworks */ = {
			isa = PBXShellScriptBuildPhase;
			buildActionMask = 2147483647;
			files = (
			);
			inputFileListPaths = (
				"${PODS_ROOT}/Target Support Files/Pods-AFInterceptorDemo/Pods-AFInterceptorDemo-frameworks-${CONFIGURATION}-input-files.xcfilelist",
			);
			name = "[CP] Embed Pods Frameworks";
			outputFileListPaths = (
				"${PODS_ROOT}/Target Support Files/Pods-AFInterceptorDemo/Pods-AFInterceptorDemo-frameworks-${CONFIGURATION}-output-files.xcfilelist",
			);
			runOnlyForDeploymentPostprocessing = 0;
			shellPath = /bin/sh;
			shellScript = "\"${PODS_ROOT}/Target Support Files/Pods-AFInterceptorDemo/Pods-AFInterceptorDemo-frameworks.sh\"\n";
			showEnvVarsInLog = 0;
		};
		AF9B613CDE2113BD57BF2DEE /* [CP] Check Pods Manifest.lock */ = {
			isa = PBXShellScriptBuildPhase;
			buildActionMask = 2147483647;
			files = (
			);
			inputFileListPaths = (
			);
			inputPaths = (
				"${PODS_PODFILE_DIR_PATH}/Podfile.lock",
				"${PODS_ROOT}/Manifest.lock",
			);
			name = "[CP] Check Pods Manifest.lock";
			outputFileListPaths = (
			);
			outputPaths = (
				"$(DERIVED_FILE_DIR)/Pods-AFInterceptorDemo-checkManifestLockResult.txt",
			);
			runOnlyForDeploymentPostprocessing = 0;
			shellPath = /bin/sh;
			shellScript = "diff \"${PODS_PODFILE_DIR_PATH}/Podfile.lock\" \"${PODS_ROOT}/Manifest.lock\" > /dev/null\nif [ $? != 0 ] ; then\n    # print error to STDERR\n    echo \"error: The sandbox is not in sync with the Podfile.lock. Run 'pod install' or update your CocoaPods installation.\" >&2\n    exit 1\nfi\n# This output is used by Xcode 'outputs' to avoid re-running this script phase.\necho \"SUCCESS\" > \"${SCRIPT_OUTPUT_FILE_0}\"\n";
			showEnvVarsInLog = 0;
		};
/* End PBXShellScriptBuildPhase section */

/* Begin PBXSourcesBuildPhase section */
		76ADF1DA22E2FF7E003AAF6C /* Sources */ = {
			isa = PBXSourcesBuildPhase;
			buildActionMask = 2147483647;
			files = (
				76ADF1E422E2FF7E003AAF6C /* ViewController.swift in Sources */,
				76ADF1F722E3008B003AAF6C /* OAuthInterceptor.swift in Sources */,
				76ADF1F522E30048003AAF6C /* MyAPIManager.swift in Sources */,
				76ADF1E222E2FF7E003AAF6C /* AppDelegate.swift in Sources */,
			);
			runOnlyForDeploymentPostprocessing = 0;
		};
/* End PBXSourcesBuildPhase section */

/* Begin PBXVariantGroup section */
		76ADF1E522E2FF7E003AAF6C /* Main.storyboard */ = {
			isa = PBXVariantGroup;
			children = (
				76ADF1E622E2FF7E003AAF6C /* Base */,
			);
			name = Main.storyboard;
			sourceTree = "<group>";
		};
		76ADF1EA22E2FF80003AAF6C /* LaunchScreen.storyboard */ = {
			isa = PBXVariantGroup;
			children = (
				76ADF1EB22E2FF80003AAF6C /* Base */,
			);
			name = LaunchScreen.storyboard;
			sourceTree = "<group>";
		};
/* End PBXVariantGroup section */

/* Begin XCBuildConfiguration section */
		76ADF1EE22E2FF80003AAF6C /* Debug */ = {
			isa = XCBuildConfiguration;
			buildSettings = {
				ALWAYS_SEARCH_USER_PATHS = NO;
				CLANG_ANALYZER_NONNULL = YES;
				CLANG_ANALYZER_NUMBER_OBJECT_CONVERSION = YES_AGGRESSIVE;
				CLANG_CXX_LANGUAGE_STANDARD = "gnu++14";
				CLANG_CXX_LIBRARY = "libc++";
				CLANG_ENABLE_MODULES = YES;
				CLANG_ENABLE_OBJC_ARC = YES;
				CLANG_ENABLE_OBJC_WEAK = YES;
				CLANG_WARN_BLOCK_CAPTURE_AUTORELEASING = YES;
				CLANG_WARN_BOOL_CONVERSION = YES;
				CLANG_WARN_COMMA = YES;
				CLANG_WARN_CONSTANT_CONVERSION = YES;
				CLANG_WARN_DEPRECATED_OBJC_IMPLEMENTATIONS = YES;
				CLANG_WARN_DIRECT_OBJC_ISA_USAGE = YES_ERROR;
				CLANG_WARN_DOCUMENTATION_COMMENTS = YES;
				CLANG_WARN_EMPTY_BODY = YES;
				CLANG_WARN_ENUM_CONVERSION = YES;
				CLANG_WARN_INFINITE_RECURSION = YES;
				CLANG_WARN_INT_CONVERSION = YES;
				CLANG_WARN_NON_LITERAL_NULL_CONVERSION = YES;
				CLANG_WARN_OBJC_IMPLICIT_RETAIN_SELF = YES;
				CLANG_WARN_OBJC_LITERAL_CONVERSION = YES;
				CLANG_WARN_OBJC_ROOT_CLASS = YES_ERROR;
				CLANG_WARN_RANGE_LOOP_ANALYSIS = YES;
				CLANG_WARN_STRICT_PROTOTYPES = YES;
				CLANG_WARN_SUSPICIOUS_MOVE = YES;
				CLANG_WARN_UNGUARDED_AVAILABILITY = YES_AGGRESSIVE;
				CLANG_WARN_UNREACHABLE_CODE = YES;
				CLANG_WARN__DUPLICATE_METHOD_MATCH = YES;
				CODE_SIGN_IDENTITY = "iPhone Developer";
				COPY_PHASE_STRIP = NO;
				DEBUG_INFORMATION_FORMAT = dwarf;
				ENABLE_STRICT_OBJC_MSGSEND = YES;
				ENABLE_TESTABILITY = YES;
				GCC_C_LANGUAGE_STANDARD = gnu11;
				GCC_DYNAMIC_NO_PIC = NO;
				GCC_NO_COMMON_BLOCKS = YES;
				GCC_OPTIMIZATION_LEVEL = 0;
				GCC_PREPROCESSOR_DEFINITIONS = (
					"DEBUG=1",
					"$(inherited)",
				);
				GCC_WARN_64_TO_32_BIT_CONVERSION = YES;
				GCC_WARN_ABOUT_RETURN_TYPE = YES_ERROR;
				GCC_WARN_UNDECLARED_SELECTOR = YES;
				GCC_WARN_UNINITIALIZED_AUTOS = YES_AGGRESSIVE;
				GCC_WARN_UNUSED_FUNCTION = YES;
				GCC_WARN_UNUSED_VARIABLE = YES;
				IPHONEOS_DEPLOYMENT_TARGET = 12.2;
				MTL_ENABLE_DEBUG_INFO = INCLUDE_SOURCE;
				MTL_FAST_MATH = YES;
				ONLY_ACTIVE_ARCH = YES;
				SDKROOT = iphoneos;
				SWIFT_ACTIVE_COMPILATION_CONDITIONS = DEBUG;
				SWIFT_OPTIMIZATION_LEVEL = "-Onone";
			};
			name = Debug;
		};
		76ADF1EF22E2FF80003AAF6C /* Release */ = {
			isa = XCBuildConfiguration;
			buildSettings = {
				ALWAYS_SEARCH_USER_PATHS = NO;
				CLANG_ANALYZER_NONNULL = YES;
				CLANG_ANALYZER_NUMBER_OBJECT_CONVERSION = YES_AGGRESSIVE;
				CLANG_CXX_LANGUAGE_STANDARD = "gnu++14";
				CLANG_CXX_LIBRARY = "libc++";
				CLANG_ENABLE_MODULES = YES;
				CLANG_ENABLE_OBJC_ARC = YES;
				CLANG_ENABLE_OBJC_WEAK = YES;
				CLANG_WARN_BLOCK_CAPTURE_AUTORELEASING = YES;
				CLANG_WARN_BOOL_CONVERSION = YES;
				CLANG_WARN_COMMA = YES;
				CLANG_WARN_CONSTANT_CONVERSION = YES;
				CLANG_WARN_DEPRECATED_OBJC_IMPLEMENTATIONS = YES;
				CLANG_WARN_DIRECT_OBJC_ISA_USAGE = YES_ERROR;
				CLANG_WARN_DOCUMENTATION_COMMENTS = YES;
				CLANG_WARN_EMPTY_BODY = YES;
				CLANG_WARN_ENUM_CONVERSION = YES;
				CLANG_WARN_INFINITE_RECURSION = YES;
				CLANG_WARN_INT_CONVERSION = YES;
				CLANG_WARN_NON_LITERAL_NULL_CONVERSION = YES;
				CLANG_WARN_OBJC_IMPLICIT_RETAIN_SELF = YES;
				CLANG_WARN_OBJC_LITERAL_CONVERSION = YES;
				CLANG_WARN_OBJC_ROOT_CLASS = YES_ERROR;
				CLANG_WARN_RANGE_LOOP_ANALYSIS = YES;
				CLANG_WARN_STRICT_PROTOTYPES = YES;
				CLANG_WARN_SUSPICIOUS_MOVE = YES;
				CLANG_WARN_UNGUARDED_AVAILABILITY = YES_AGGRESSIVE;
				CLANG_WARN_UNREACHABLE_CODE = YES;
				CLANG_WARN__DUPLICATE_METHOD_MATCH = YES;
				CODE_SIGN_IDENTITY = "iPhone Developer";
				COPY_PHASE_STRIP = NO;
				DEBUG_INFORMATION_FORMAT = "dwarf-with-dsym";
				ENABLE_NS_ASSERTIONS = NO;
				ENABLE_STRICT_OBJC_MSGSEND = YES;
				GCC_C_LANGUAGE_STANDARD = gnu11;
				GCC_NO_COMMON_BLOCKS = YES;
				GCC_WARN_64_TO_32_BIT_CONVERSION = YES;
				GCC_WARN_ABOUT_RETURN_TYPE = YES_ERROR;
				GCC_WARN_UNDECLARED_SELECTOR = YES;
				GCC_WARN_UNINITIALIZED_AUTOS = YES_AGGRESSIVE;
				GCC_WARN_UNUSED_FUNCTION = YES;
				GCC_WARN_UNUSED_VARIABLE = YES;
				IPHONEOS_DEPLOYMENT_TARGET = 12.2;
				MTL_ENABLE_DEBUG_INFO = NO;
				MTL_FAST_MATH = YES;
				SDKROOT = iphoneos;
				SWIFT_COMPILATION_MODE = wholemodule;
				SWIFT_OPTIMIZATION_LEVEL = "-O";
				VALIDATE_PRODUCT = YES;
			};
			name = Release;
		};
		76ADF1F122E2FF80003AAF6C /* Debug */ = {
			isa = XCBuildConfiguration;
			baseConfigurationReference = 973DA564BB65A05164F868C8 /* Pods-AFInterceptorDemo.debug.xcconfig */;
			buildSettings = {
				ASSETCATALOG_COMPILER_APPICON_NAME = AppIcon;
				CODE_SIGN_STYLE = Automatic;
				DEVELOPMENT_TEAM = ESDVLEEEJP;
				INFOPLIST_FILE = AFInterceptorDemo/Info.plist;
				LD_RUNPATH_SEARCH_PATHS = (
					"$(inherited)",
					"@executable_path/Frameworks",
				);
				PRODUCT_BUNDLE_IDENTIFIER = co.igenerate.AFInterceptorDemo;
				PRODUCT_NAME = "$(TARGET_NAME)";
				SWIFT_VERSION = 5.0;
				TARGETED_DEVICE_FAMILY = "1,2";
			};
			name = Debug;
		};
		76ADF1F222E2FF80003AAF6C /* Release */ = {
			isa = XCBuildConfiguration;
			baseConfigurationReference = 68CC4C938551A09B808F0A29 /* Pods-AFInterceptorDemo.release.xcconfig */;
			buildSettings = {
				ASSETCATALOG_COMPILER_APPICON_NAME = AppIcon;
				CODE_SIGN_STYLE = Automatic;
				DEVELOPMENT_TEAM = ESDVLEEEJP;
				INFOPLIST_FILE = AFInterceptorDemo/Info.plist;
				LD_RUNPATH_SEARCH_PATHS = (
					"$(inherited)",
					"@executable_path/Frameworks",
				);
				PRODUCT_BUNDLE_IDENTIFIER = co.igenerate.AFInterceptorDemo;
				PRODUCT_NAME = "$(TARGET_NAME)";
				SWIFT_VERSION = 5.0;
				TARGETED_DEVICE_FAMILY = "1,2";
			};
			name = Release;
		};
/* End XCBuildConfiguration section */

/* Begin XCConfigurationList section */
		76ADF1D922E2FF7E003AAF6C /* Build configuration list for PBXProject "AFInterceptorDemo" */ = {
			isa = XCConfigurationList;
			buildConfigurations = (
				76ADF1EE22E2FF80003AAF6C /* Debug */,
				76ADF1EF22E2FF80003AAF6C /* Release */,
			);
			defaultConfigurationIsVisible = 0;
			defaultConfigurationName = Release;
		};
		76ADF1F022E2FF80003AAF6C /* Build configuration list for PBXNativeTarget "AFInterceptorDemo" */ = {
			isa = XCConfigurationList;
			buildConfigurations = (
				76ADF1F122E2FF80003AAF6C /* Debug */,
				76ADF1F222E2FF80003AAF6C /* Release */,
			);
			defaultConfigurationIsVisible = 0;
			defaultConfigurationName = Release;
		};
/* End XCConfigurationList section */
	};
	rootObject = 76ADF1D622E2FF7E003AAF6C /* Project object */;
}
